Microsoft Visual Studio Solution File, Format Version 12.00
# Visual Studio Version 17
VisualStudioVersion = 17.5.2.0
MinimumVisualStudioVersion = 10.0.40219.1
Project("{FAE04EC0-301F-11D3-BF4B-00C04F79EFBC}") = "HcAzureFunctions", "azureFunctions\HcAzureFunctions.csproj", "{A0D8A174-1EE7-5FF0-0BDC-2D5E9CD57441}"
EndProject
Global
	GlobalSection(SolutionConfigurationPlatforms) = preSolution
		Debug|Any CPU = Debug|Any CPU
		Release|Any CPU = Release|Any CPU
	EndGlobalSection
	GlobalSection(ProjectConfigurationPlatforms) = postSolution
		{A0D8A174-1EE7-5FF0-0BDC-2D5E9CD57441}.Debug|Any CPU.ActiveCfg = Debug|Any CPU
		{A0D8A174-1EE7-5FF0-0BDC-2D5E9CD57441}.Debug|Any CPU.Build.0 = Debug|Any CPU
		{A0D8A174-1EE7-5FF0-0BDC-2D5E9CD57441}.Release|Any CPU.ActiveCfg = Release|Any CPU
		{A0D8A174-1EE7-5FF0-0BDC-2D5E9CD57441}.Release|Any CPU.Build.0 = Release|Any CPU
	EndGlobalSection
	GlobalSection(SolutionProperties) = preSolution
		HideSolutionNode = FALSE
	EndGlobalSection
	GlobalSection(ExtensibilityGlobals) = postSolution
		SolutionGuid = {DE0F2A4C-60C4-4C7F-B2E0-E39787CCEE81}
	EndGlobalSection
EndGlobal
