PODS:
  - audioplayers (0.0.1):
    - Flutter
  - Bolts (1.9.0):
    - Bolts/AppLinks (= 1.9.0)
    - Bolts/Tasks (= 1.9.0)
  - Bolts/AppLinks (1.9.0):
    - Bolts/Tasks
  - Bolts/Tasks (1.9.0)
  - device_info (0.0.1):
    - Flutter
  - fast_qr_reader_view (0.0.1):
    - Flutter
  - FBSDKCoreKit (4.40.0):
    - Bolts (~> 1.9)
  - FBSDKLoginKit (4.39.1):
    - FBSDKCoreKit
  - Flutter (1.0.0)
  - flutter_facebook_login (0.0.1):
    - FBSDKLoginKit (= 4.39.1)
    - Flutter
  - flutter_full_pdf_viewer (1.0.1):
    - Flutter
  - flutter_image_compress (0.0.1):
    - Flutter
  - FMDB (2.7.5):
    - FMDB/standard (= 2.7.5)
  - FMDB/standard (2.7.5)
  - geolocator (4.0.3):
    - Flutter
  - google_api_availability (2.0.0):
    - Flutter
  - image_cropper (0.0.1):
    - Flutter
    - TOCropViewController (~> 2.3.8)
  - image_picker (0.0.1):
    - Flutter
  - intro_slider (0.0.1):
    - Flutter
  - location_permissions (2.0.1):
    - Flutter
  - package_info (0.0.1):
    - Flutter
  - path_provider (0.0.1):
    - Flutter
  - permission_handler (2.2.0):
    - Flutter
  - screen (0.0.1):
    - Flutter
  - shared_preferences (0.0.1):
    - Flutter
  - sqflite (0.0.1):
    - Flutter
    - FMDB (~> 2.7.2)
  - TOCropViewController (2.3.8)
  - url_launcher (0.0.1):
    - Flutter
  - video_player (0.0.1):
    - Flutter

DEPENDENCIES:
  - audioplayers (from `.symlinks/plugins/audioplayers/ios`)
  - device_info (from `.symlinks/plugins/device_info/ios`)
  - fast_qr_reader_view (from `.symlinks/plugins/fast_qr_reader_view/ios`)
  - Flutter (from `.symlinks/flutter/ios`)
  - flutter_facebook_login (from `.symlinks/plugins/flutter_facebook_login/ios`)
  - flutter_full_pdf_viewer (from `.symlinks/plugins/flutter_full_pdf_viewer/ios`)
  - flutter_image_compress (from `.symlinks/plugins/flutter_image_compress/ios`)
  - geolocator (from `.symlinks/plugins/geolocator/ios`)
  - google_api_availability (from `.symlinks/plugins/google_api_availability/ios`)
  - image_cropper (from `.symlinks/plugins/image_cropper/ios`)
  - image_picker (from `.symlinks/plugins/image_picker/ios`)
  - intro_slider (from `.symlinks/plugins/intro_slider/ios`)
  - location_permissions (from `.symlinks/plugins/location_permissions/ios`)
  - package_info (from `.symlinks/plugins/package_info/ios`)
  - path_provider (from `.symlinks/plugins/path_provider/ios`)
  - permission_handler (from `.symlinks/plugins/permission_handler/ios`)
  - screen (from `.symlinks/plugins/screen/ios`)
  - shared_preferences (from `.symlinks/plugins/shared_preferences/ios`)
  - sqflite (from `.symlinks/plugins/sqflite/ios`)
  - url_launcher (from `.symlinks/plugins/url_launcher/ios`)
  - video_player (from `.symlinks/plugins/video_player/ios`)

SPEC REPOS:
  https://github.com/cocoapods/specs.git:
    - Bolts
    - FBSDKCoreKit
    - FBSDKLoginKit
    - FMDB
    - TOCropViewController

EXTERNAL SOURCES:
  audioplayers:
    :path: ".symlinks/plugins/audioplayers/ios"
  device_info:
    :path: ".symlinks/plugins/device_info/ios"
  fast_qr_reader_view:
    :path: ".symlinks/plugins/fast_qr_reader_view/ios"
  Flutter:
    :path: ".symlinks/flutter/ios"
  flutter_facebook_login:
    :path: ".symlinks/plugins/flutter_facebook_login/ios"
  flutter_full_pdf_viewer:
    :path: ".symlinks/plugins/flutter_full_pdf_viewer/ios"
  flutter_image_compress:
    :path: ".symlinks/plugins/flutter_image_compress/ios"
  geolocator:
    :path: ".symlinks/plugins/geolocator/ios"
  google_api_availability:
    :path: ".symlinks/plugins/google_api_availability/ios"
  image_cropper:
    :path: ".symlinks/plugins/image_cropper/ios"
  image_picker:
    :path: ".symlinks/plugins/image_picker/ios"
  intro_slider:
    :path: ".symlinks/plugins/intro_slider/ios"
  location_permissions:
    :path: ".symlinks/plugins/location_permissions/ios"
  package_info:
    :path: ".symlinks/plugins/package_info/ios"
  path_provider:
    :path: ".symlinks/plugins/path_provider/ios"
  permission_handler:
    :path: ".symlinks/plugins/permission_handler/ios"
  screen:
    :path: ".symlinks/plugins/screen/ios"
  shared_preferences:
    :path: ".symlinks/plugins/shared_preferences/ios"
  sqflite:
    :path: ".symlinks/plugins/sqflite/ios"
  url_launcher:
    :path: ".symlinks/plugins/url_launcher/ios"
  video_player:
    :path: ".symlinks/plugins/video_player/ios"

SPEC CHECKSUMS:
  audioplayers: 84f968cea3f2deab00ec4f8ff53358b3c0b3992c
  Bolts: ac6567323eac61e203f6a9763667d0f711be34c8
  device_info: 3ebad48f726348f69abd802f3334a8d1ed795fbd
  fast_qr_reader_view: 53b38a544886e650381ca579e0cdd5ae142fffa6
  FBSDKCoreKit: ae214474b25033399c131dc81d258e412582a2ba
  FBSDKLoginKit: c3079d9a4db27c492287b1eed7a4272b28cf8a59
  Flutter: 58dd7d1b27887414a370fcccb9e645c08ffd7a6a
  flutter_facebook_login: f1f88c32d5888d6b5f3301fd87cc7de26f02877e
  flutter_full_pdf_viewer: 8a6723fa44d3e421520b70ca95fa38155a68eccf
  flutter_image_compress: c29e818cdf6e4276875601a245b6bb18eb444157
  FMDB: 2ce00b547f966261cd18927a3ddb07cb6f3db82a
  geolocator: 42437f4ba1897906a040c826678815c059b22c80
  google_api_availability: f07cd62cdd46ec432b95a702e35e558b817e05aa
  image_cropper: 189eec25d148f56694f670438e9458323ba2880a
  image_picker: 16e5fec1fbc87fd3b297c53e4048521eaf17cd06
  intro_slider: 85847639533bfd8e898d76844e0aa2cf412ee190
  location_permissions: db47e77cf4f1359866d627523fb7812899a752f3
  package_info: 78cabb3c322943c55d39676f4a5bfc748c01d055
  path_provider: f96fff6166a8867510d2c25fdcc346327cc4b259
  permission_handler: 976a8a94c3443d23fe33c11e98277d471f0e543d
  screen: abd91ca7bf3426e1cc3646d27e9b2358d6bf07b0
  shared_preferences: 1feebfa37bb57264736e16865e7ffae7fc99b523
  sqflite: ff1d9da63c06588cc8d1faf7256d741f16989d5a
  TOCropViewController: 0a075f02c253e88095143bbac7b013fc6fba5090
  url_launcher: 0067ddb8f10d36786672aa0722a21717dba3a298
  video_player: 3964090a33353060ed7f58aa6427c7b4b208ec21

PODFILE CHECKSUM: 095fcd4df61e41517fef8fdec7694d3651f21f63

COCOAPODS: 1.6.0
